
Microsoft Visual Studio Solution File, Format Version 12.00
# Visual Studio Version 17
VisualStudioVersion = 17.8.34511.84
MinimumVisualStudioVersion = 10.0.40219.1
Project("{FAE04EC0-301F-11D3-BF4B-00C04F79EFBC}") = "Tarea_Clase_22_01_2024", "Tarea_Clase_22_01_2024\Tarea_Clase_22_01_2024.csproj", "{496A95A7-122A-4EAB-9506-C92800AAFB41}"
EndProject
Global
	GlobalSection(SolutionConfigurationPlatforms) = preSolution
		Debug|Any CPU = Debug|Any CPU
		Release|Any CPU = Release|Any CPU
	EndGlobalSection
	GlobalSection(ProjectConfigurationPlatforms) = postSolution
		{496A95A7-122A-4EAB-9506-C92800AAFB41}.Debug|Any CPU.ActiveCfg = Debug|Any CPU
		{496A95A7-122A-4EAB-9506-C92800AAFB41}.Debug|Any CPU.Build.0 = Debug|Any CPU
		{496A95A7-122A-4EAB-9506-C92800AAFB41}.Release|Any CPU.ActiveCfg = Release|Any CPU
		{496A95A7-122A-4EAB-9506-C92800AAFB41}.Release|Any CPU.Build.0 = Release|Any CPU
	EndGlobalSection
	GlobalSection(SolutionProperties) = preSolution
		HideSolutionNode = FALSE
	EndGlobalSection
	GlobalSection(ExtensibilityGlobals) = postSolution
		SolutionGuid = {CED9D403-073D-4B81-A9E2-531C3D3D619C}
	EndGlobalSection
EndGlobal
